set_global_assignment -name FAMILY "Arria 10"
set_global_assignment -name DEVICE 10AX115N4F40E3SG
set_global_assignment -name TOP_LEVEL_ENTITY genefer_stream27_host_chain_aw16_p16_diet_v1
set_global_assignment -name PROJECT_OUTPUT_DIRECTORY output_files
set_global_assignment -name NUM_PARALLEL_PROCESSORS 4
set_global_assignment -name SEED 1
set_global_assignment -name ENABLE_INTERMEDIATE_SNAPSHOTS on
set_global_assignment -name SDC_FILE probe.sdc
set_global_assignment -name SYSTEMVERILOG_FILE rtl/genefer_ntt_lazy28_butterfly_v1.sv
set_global_assignment -name SYSTEMVERILOG_FILE rtl/genefer_montgomery_mul28x27_sparse_pipe_v2.sv
set_global_assignment -name SYSTEMVERILOG_FILE rtl/genefer_stream27_merged_final_gs_pair_v1.sv
set_global_assignment -name SYSTEMVERILOG_FILE rtl/genefer_stream27_mdc_fifo_smallreg_v1.sv
set_global_assignment -name SYSTEMVERILOG_FILE rtl/genefer_stream27_mdc_commutator_sm1_registered_v1.sv
set_global_assignment -name SYSTEMVERILOG_FILE rtl/genefer_stream27_mdc_commutator_sync.sv
set_global_assignment -name SYSTEMVERILOG_FILE rtl/genefer_montgomery_mul27_sparse_pipe.sv
set_global_assignment -name SYSTEMVERILOG_FILE rtl/genefer_ntt_banked27_engine.sv
set_global_assignment -name SYSTEMVERILOG_FILE rtl/merged_stream27_root_library_aw16_p16_f0_v1.sv
set_global_assignment -name SYSTEMVERILOG_FILE rtl/genefer_stream27_shared_term_roots_aw16_p16_f0_v1.sv
set_global_assignment -name SYSTEMVERILOG_FILE rtl/genefer_stream27_term_context_param_v1.sv
set_global_assignment -name SYSTEMVERILOG_FILE rtl/genefer_stream27_mdc_commutator_slots_v2.sv
set_global_assignment -name SYSTEMVERILOG_FILE rtl/genefer_stream27_root_rom_prefetch.sv
set_global_assignment -name SYSTEMVERILOG_FILE rtl/genefer_digit_reduce27_pipe.sv
set_global_assignment -name SYSTEMVERILOG_FILE rtl/genefer_stream27_signed_boundary_reduce27_pipe.sv
set_global_assignment -name SYSTEMVERILOG_FILE rtl/genefer_stream27_epoch_protocol_v5.sv
set_global_assignment -name SYSTEMVERILOG_FILE rtl/genefer_stream27_row_arithmetic_param_v1.sv
set_global_assignment -name SYSTEMVERILOG_FILE rtl/genefer_stream27_term_context_v2.sv
set_global_assignment -name SYSTEMVERILOG_FILE rtl/merged_stream27_root_library_aw16_p16_f1_v1.sv
set_global_assignment -name SYSTEMVERILOG_FILE rtl/genefer_stream27_shared_term_roots_aw16_p16_f1_v1.sv
set_global_assignment -name SYSTEMVERILOG_FILE rtl/merged_stream27_root_library_aw16_p16_f2_v1.sv
set_global_assignment -name SYSTEMVERILOG_FILE rtl/genefer_stream27_shared_term_roots_aw16_p16_f2_v1.sv
set_global_assignment -name SYSTEMVERILOG_FILE rtl/genefer_crt3_27_mont_pipe.sv
set_global_assignment -name SYSTEMVERILOG_FILE rtl/genefer_track_a4_setup_v1.sv
set_global_assignment -name SYSTEMVERILOG_FILE rtl/genefer_track_a4_blockcarry_lane_v1.sv
set_global_assignment -name SYSTEMVERILOG_FILE rtl/genefer_div_recip_precision.sv
set_global_assignment -name SYSTEMVERILOG_FILE rtl/genefer_stream27_blockcarry_small_cell.sv
set_global_assignment -name SYSTEMVERILOG_FILE rtl/genefer_stream27_threefield_carry_aw16_p16_v1_host_v1.sv
set_global_assignment -name SYSTEMVERILOG_FILE rtl/genefer_stream27_warm_chain_aw16_p16_v1.sv
set_global_assignment -name SYSTEMVERILOG_FILE rtl/genefer_stream27_chain_canonical_aw16_p16_v1.sv
set_global_assignment -name SYSTEMVERILOG_FILE rtl/genefer_sdp_ram32.sv
set_global_assignment -name SYSTEMVERILOG_FILE rtl/genefer_stream27_host_chain_aw16_p16_diet_v1.sv
set_global_assignment -name SYSTEMVERILOG_FILE rtl/genefer_stream27_host_image_ports_v1.sv
set_global_assignment -name SYSTEMVERILOG_FILE rtl/genefer_stream27_canonical_image_pipe_v1.sv
set_global_assignment -name SYSTEMVERILOG_FILE rtl/genefer_ntt_lazy28_butterfly_v1_p16_diet_v1.sv
set_global_assignment -name SYSTEMVERILOG_FILE rtl/genefer_stream27_merged_final_gs_pair_v1_p16_diet_v1.sv
set_global_assignment -name SYSTEMVERILOG_FILE rtl/genefer_ntt_banked27_engine_p16_diet_v1.sv
set_global_assignment -name SYSTEMVERILOG_FILE rtl/genefer_stream27_square_p16_f0_v1_p16_diet_v1.sv
set_global_assignment -name SYSTEMVERILOG_FILE rtl/genefer_stream27_term_context_param_v1_p16_diet_v1.sv
set_global_assignment -name SYSTEMVERILOG_FILE rtl/genefer_stream27_row_arithmetic_param_v1_p16_diet_v1.sv
set_global_assignment -name SYSTEMVERILOG_FILE rtl/genefer_stream27_correction_serial_p16_f0_v1.sv
set_global_assignment -name SYSTEMVERILOG_FILE rtl/genefer_stream27_correction_serial_v1.sv
set_global_assignment -name SYSTEMVERILOG_FILE rtl/genefer_stream28_merged_ct_aw16_p16_f0_v1_shared_comm_mlab_v1.sv
set_global_assignment -name SYSTEMVERILOG_FILE rtl/genefer_stream28_merged_gs_aw16_p16_f0_v1_shared_comm_mlab_v1.sv
set_global_assignment -name SYSTEMVERILOG_FILE rtl/genefer_stream27_mdc_commutator_shared_mlab_v1.sv
set_global_assignment -name SYSTEMVERILOG_FILE rtl/genefer_stream27_delay_mlab_v1.sv
set_global_assignment -name SYSTEMVERILOG_FILE rtl/genefer_stream27_montgomery_factored_v1.sv
set_global_assignment -name SYSTEMVERILOG_FILE rtl/genefer_stream27_shared_warm_aw16_p16_f0_v1_signed_host_v3_valid_start_v4_corr_serial2_v5_shared_comm_mlab_v1_mont_factored_v1.sv
set_global_assignment -name SYSTEMVERILOG_FILE rtl/genefer_stream27_square_p16_f1_v1_p16_diet_v1.sv
set_global_assignment -name SYSTEMVERILOG_FILE rtl/genefer_stream27_correction_serial_p16_f1_v1.sv
set_global_assignment -name SYSTEMVERILOG_FILE rtl/genefer_stream28_merged_ct_aw16_p16_f1_v1_shared_comm_mlab_v1.sv
set_global_assignment -name SYSTEMVERILOG_FILE rtl/genefer_stream28_merged_gs_aw16_p16_f1_v1_shared_comm_mlab_v1.sv
set_global_assignment -name SYSTEMVERILOG_FILE rtl/genefer_stream27_shared_warm_aw16_p16_f1_v1_signed_host_v3_valid_start_v4_corr_serial2_v5_shared_comm_mlab_v1_mont_factored_v1.sv
set_global_assignment -name SYSTEMVERILOG_FILE rtl/genefer_stream27_square_p16_f2_v1_p16_diet_v1.sv
set_global_assignment -name SYSTEMVERILOG_FILE rtl/genefer_stream27_correction_serial_p16_f2_v1.sv
set_global_assignment -name SYSTEMVERILOG_FILE rtl/genefer_stream28_merged_ct_aw16_p16_f2_v1_shared_comm_mlab_v1.sv
set_global_assignment -name SYSTEMVERILOG_FILE rtl/genefer_stream28_merged_gs_aw16_p16_f2_v1_shared_comm_mlab_v1.sv
set_global_assignment -name SYSTEMVERILOG_FILE rtl/genefer_stream27_shared_warm_aw16_p16_f2_v1_signed_host_v3_valid_start_v4_corr_serial2_v5_shared_comm_mlab_v1_mont_factored_v1.sv
set_parameter -name AW 16
set_parameter -name P 16
set_parameter -name CONTEXTS 1
set_parameter -name EPOCH_SEED 65534
set_parameter -name CORR_SERIAL_BFS 2
set_parameter -name COMM_STAGE_SHARED_MLAB 1
set_parameter -name MONT_FACTORED 1
set_parameter -name CANONICAL_PIPE_STAGES 1
set_instance_assignment -name VIRTUAL_PIN ON -to {load_we}
set_instance_assignment -name VIRTUAL_PIN ON -to {read_en}
set_instance_assignment -name VIRTUAL_PIN ON -to {start}
set_instance_assignment -name VIRTUAL_PIN ON -to {host_addr[*]}
set_instance_assignment -name VIRTUAL_PIN ON -to {write_data[*]}
set_instance_assignment -name VIRTUAL_PIN ON -to {base[*]}
set_instance_assignment -name VIRTUAL_PIN ON -to {double_bit}
set_instance_assignment -name VIRTUAL_PIN ON -to {batch_mode}
set_instance_assignment -name VIRTUAL_PIN ON -to {warm_count[*]}
set_instance_assignment -name VIRTUAL_PIN ON -to {double_mask[*]}
set_instance_assignment -name VIRTUAL_PIN ON -to {read_valid}
set_instance_assignment -name VIRTUAL_PIN ON -to {read_data[*]}
set_instance_assignment -name VIRTUAL_PIN ON -to {busy}
set_instance_assignment -name VIRTUAL_PIN ON -to {done}
set_instance_assignment -name VIRTUAL_PIN ON -to {error}
set_instance_assignment -name VIRTUAL_PIN ON -to {cycles[*]}
set_instance_assignment -name VIRTUAL_PIN ON -to {conversion_cycles[*]}
set_instance_assignment -name VIRTUAL_PIN ON -to {root_cycles[*]}
set_instance_assignment -name VIRTUAL_PIN ON -to {ntt_cycles[*]}
set_instance_assignment -name VIRTUAL_PIN ON -to {crt_cycles[*]}
set_instance_assignment -name VIRTUAL_PIN ON -to {carry_cycles[*]}
set_instance_assignment -name VIRTUAL_PIN ON -to {carry_passes[*]}
set_instance_assignment -name VIRTUAL_PIN ON -to {profile_cache_valid}
set_instance_assignment -name VIRTUAL_PIN ON -to {profile_loads}
set_instance_assignment -name VIRTUAL_PIN ON -to {profile_hits}
set_instance_assignment -name VIRTUAL_PIN ON -to {profile_words_loaded[*]}
set_instance_assignment -name VIRTUAL_PIN ON -to {seed_setup_cycles[*]}
set_instance_assignment -name VIRTUAL_PIN ON -to {warm_done}
set_instance_assignment -name VIRTUAL_PIN ON -to {completed_squares[*]}
set_instance_assignment -name VIRTUAL_PIN ON -to {canonical_cycles[*]}
set_instance_assignment -name VIRTUAL_PIN ON -to {image_copy_cycles[*]}
set_instance_assignment -name VIRTUAL_PIN ON -to {feed_mode}
set_instance_assignment -name VIRTUAL_PIN ON -to {command_valid}
set_instance_assignment -name VIRTUAL_PIN ON -to {command_double}
set_instance_assignment -name VIRTUAL_PIN ON -to {command_index[*]}
set_instance_assignment -name VIRTUAL_PIN ON -to {command_generation[*]}
set_instance_assignment -name VIRTUAL_PIN ON -to {command_ready}
set_instance_assignment -name VIRTUAL_PIN ON -to {command_accept}
set_instance_assignment -name VIRTUAL_PIN ON -to {operation_accept}
set_instance_assignment -name VIRTUAL_PIN ON -to {accepted_generation[*]}
set_instance_assignment -name VIRTUAL_PIN ON -to {feed_level[*]}
set_instance_assignment -name VIRTUAL_PIN ON -to {operations_started[*]}
set_instance_assignment -name VIRTUAL_PIN ON -to {commands_enqueued[*]}
set_instance_assignment -name VIRTUAL_PIN ON -to {commands_consumed[*]}
set_instance_assignment -name VIRTUAL_PIN ON -to {final_image_rows[*]}
set_instance_assignment -name VIRTUAL_PIN ON -to {feed_error_code[*]}
set_instance_assignment -name VIRTUAL_PIN ON -to {canonical_ready}
set_global_assignment -name LAST_QUARTUS_VERSION "26.1.0 Pro Edition"
